
Microsoft Visual Studio Solution File, Format Version 12.00
# Visual Studio Version 16
VisualStudioVersion = 16.0.29409.12
MinimumVisualStudioVersion = 10.0.40219.1
Project("{9A19103F-16F7-4668-BE54-9A1E7A4F7556}") = "LandonApi", "LandonApi.csproj", "{3E276DBB-2D2B-4F14-8F48-CBBFADDA1829}"
EndProject
Global
	GlobalSection(SolutionConfigurationPlatforms) = preSolution
		Debug|Any CPU = Debug|Any CPU
		Release|Any CPU = Release|Any CPU
	EndGlobalSection
	GlobalSection(ProjectConfigurationPlatforms) = postSolution
		{3E276DBB-2D2B-4F14-8F48-CBBFADDA1829}.Debug|Any CPU.ActiveCfg = Debug|Any CPU
		{3E276DBB-2D2B-4F14-8F48-CBBFADDA1829}.Debug|Any CPU.Build.0 = Debug|Any CPU
		{3E276DBB-2D2B-4F14-8F48-CBBFADDA1829}.Release|Any CPU.ActiveCfg = Release|Any CPU
		{3E276DBB-2D2B-4F14-8F48-CBBFADDA1829}.Release|Any CPU.Build.0 = Release|Any CPU
	EndGlobalSection
	GlobalSection(SolutionProperties) = preSolution
		HideSolutionNode = FALSE
	EndGlobalSection
	GlobalSection(ExtensibilityGlobals) = postSolution
		SolutionGuid = {468E0C6F-404B-4A80-98F2-123A8967B76A}
	EndGlobalSection
EndGlobal
